
Microsoft Visual Studio Solution File, Format Version 12.00
# Visual Studio Version 16
VisualStudioVersion = 16.0.31829.152
MinimumVisualStudioVersion = 10.0.40219.1
Project("{9A19103F-16F7-4668-BE54-9A1E7A4F7556}") = "Methods", "Methods\Methods.csproj", "{FE2BA73E-453A-421A-A79A-77D1D1758CBC}"
EndProject
Project("{FAE04EC0-301F-11D3-BF4B-00C04F79EFBC}") = "Classes", "Classes\Classes.csproj", "{34A51762-4C41-463F-9DB6-12B3827DBD75}"
EndProject
Project("{FAE04EC0-301F-11D3-BF4B-00C04F79EFBC}") = "İnterfaces", "İnterfaces\İnterfaces.csproj", "{DE38E908-497B-453B-B192-476F1249A245}"
EndProject
Project("{FAE04EC0-301F-11D3-BF4B-00C04F79EFBC}") = "İnterfaceExercise", "İnterfaceExercise\İnterfaceExercise.csproj", "{463FF571-8003-47C1-AEF9-2DC06A70B279}"
EndProject
Project("{FAE04EC0-301F-11D3-BF4B-00C04F79EFBC}") = "İnheritance", "İnheritance\İnheritance.csproj", "{871DE61D-D31F-4B14-815F-DF5E7A323B6B}"
EndProject
Project("{FAE04EC0-301F-11D3-BF4B-00C04F79EFBC}") = "VirtualMethods", "VirtualMethods\VirtualMethods.csproj", "{B5E7A4AD-8A18-41C2-957F-91D9A5A74B71}"
EndProject
Project("{FAE04EC0-301F-11D3-BF4B-00C04F79EFBC}") = "AbstractClasses", "AbstractClasses\AbstractClasses.csproj", "{1EB65B31-2E96-445B-A683-E009A69EC14A}"
EndProject
Project("{FAE04EC0-301F-11D3-BF4B-00C04F79EFBC}") = "RecapDemo", "RecapDemo\RecapDemo.csproj", "{DEEC2DEB-3F37-44AA-B45F-9CF28B15C7F5}"
EndProject
Project("{FAE04EC0-301F-11D3-BF4B-00C04F79EFBC}") = "Constructors", "Constructors\Constructors.csproj", "{01677759-2D28-49CB-86E7-4C038A6A6BD4}"
EndProject
Project("{FAE04EC0-301F-11D3-BF4B-00C04F79EFBC}") = "Collections", "Collections\Collections.csproj", "{9199F488-3903-4E0D-90B0-BCAF4E6128AA}"
EndProject
Project("{FAE04EC0-301F-11D3-BF4B-00C04F79EFBC}") = "Exceptions", "Exceptions\Exceptions.csproj", "{BB8EB8D7-FA41-4C89-852C-B411CF8D28E1}"
EndProject
Project("{FAE04EC0-301F-11D3-BF4B-00C04F79EFBC}") = "AdoNetDemo", "AdoNetDemo\AdoNetDemo.csproj", "{8DCD4C98-D75C-47D5-886E-694E5F27D9CF}"
EndProject
Project("{FAE04EC0-301F-11D3-BF4B-00C04F79EFBC}") = "EntityFrameworkDemo", "EntityFrameworkDemo\EntityFrameworkDemo.csproj", "{CC6A612B-83FE-4371-B54C-99AE4A5E584A}"
EndProject
Project("{FAE04EC0-301F-11D3-BF4B-00C04F79EFBC}") = "Generics", "Generics\Generics.csproj", "{84595AFC-0BFD-4163-8F5D-C8E627AB5771}"
EndProject
Project("{FAE04EC0-301F-11D3-BF4B-00C04F79EFBC}") = "Attributes", "Attribute\Attributes.csproj", "{143B48C9-B572-489F-8102-170AEEF571EB}"
EndProject
Project("{FAE04EC0-301F-11D3-BF4B-00C04F79EFBC}") = "Reflection", "Reflection\Reflection.csproj", "{B5B4D9BE-C31A-45B0-A7C8-E66247A9F8A7}"
EndProject
Project("{FAE04EC0-301F-11D3-BF4B-00C04F79EFBC}") = "Delegates", "Delegates\Delegates.csproj", "{C4731EFA-63D0-4ACD-A5ED-0BF342D3AFA8}"
EndProject
Project("{FAE04EC0-301F-11D3-BF4B-00C04F79EFBC}") = "Events", "Events\Events.csproj", "{A33C1882-23FF-4890-83C5-E51F21752957}"
EndProject
Global
	GlobalSection(SolutionConfigurationPlatforms) = preSolution
		Debug|Any CPU = Debug|Any CPU
		Release|Any CPU = Release|Any CPU
	EndGlobalSection
	GlobalSection(ProjectConfigurationPlatforms) = postSolution
		{FE2BA73E-453A-421A-A79A-77D1D1758CBC}.Debug|Any CPU.ActiveCfg = Debug|Any CPU
		{FE2BA73E-453A-421A-A79A-77D1D1758CBC}.Debug|Any CPU.Build.0 = Debug|Any CPU
		{FE2BA73E-453A-421A-A79A-77D1D1758CBC}.Release|Any CPU.ActiveCfg = Release|Any CPU
		{FE2BA73E-453A-421A-A79A-77D1D1758CBC}.Release|Any CPU.Build.0 = Release|Any CPU
		{34A51762-4C41-463F-9DB6-12B3827DBD75}.Debug|Any CPU.ActiveCfg = Debug|Any CPU
		{34A51762-4C41-463F-9DB6-12B3827DBD75}.Debug|Any CPU.Build.0 = Debug|Any CPU
		{34A51762-4C41-463F-9DB6-12B3827DBD75}.Release|Any CPU.ActiveCfg = Release|Any CPU
		{34A51762-4C41-463F-9DB6-12B3827DBD75}.Release|Any CPU.Build.0 = Release|Any CPU
		{DE38E908-497B-453B-B192-476F1249A245}.Debug|Any CPU.ActiveCfg = Debug|Any CPU
		{DE38E908-497B-453B-B192-476F1249A245}.Debug|Any CPU.Build.0 = Debug|Any CPU
		{DE38E908-497B-453B-B192-476F1249A245}.Release|Any CPU.ActiveCfg = Release|Any CPU
		{DE38E908-497B-453B-B192-476F1249A245}.Release|Any CPU.Build.0 = Release|Any CPU
		{463FF571-8003-47C1-AEF9-2DC06A70B279}.Debug|Any CPU.ActiveCfg = Debug|Any CPU
		{463FF571-8003-47C1-AEF9-2DC06A70B279}.Debug|Any CPU.Build.0 = Debug|Any CPU
		{463FF571-8003-47C1-AEF9-2DC06A70B279}.Release|Any CPU.ActiveCfg = Release|Any CPU
		{463FF571-8003-47C1-AEF9-2DC06A70B279}.Release|Any CPU.Build.0 = Release|Any CPU
		{871DE61D-D31F-4B14-815F-DF5E7A323B6B}.Debug|Any CPU.ActiveCfg = Debug|Any CPU
		{871DE61D-D31F-4B14-815F-DF5E7A323B6B}.Debug|Any CPU.Build.0 = Debug|Any CPU
		{871DE61D-D31F-4B14-815F-DF5E7A323B6B}.Release|Any CPU.ActiveCfg = Release|Any CPU
		{871DE61D-D31F-4B14-815F-DF5E7A323B6B}.Release|Any CPU.Build.0 = Release|Any CPU
		{B5E7A4AD-8A18-41C2-957F-91D9A5A74B71}.Debug|Any CPU.ActiveCfg = Debug|Any CPU
		{B5E7A4AD-8A18-41C2-957F-91D9A5A74B71}.Debug|Any CPU.Build.0 = Debug|Any CPU
		{B5E7A4AD-8A18-41C2-957F-91D9A5A74B71}.Release|Any CPU.ActiveCfg = Release|Any CPU
		{B5E7A4AD-8A18-41C2-957F-91D9A5A74B71}.Release|Any CPU.Build.0 = Release|Any CPU
		{1EB65B31-2E96-445B-A683-E009A69EC14A}.Debug|Any CPU.ActiveCfg = Debug|Any CPU
		{1EB65B31-2E96-445B-A683-E009A69EC14A}.Debug|Any CPU.Build.0 = Debug|Any CPU
		{1EB65B31-2E96-445B-A683-E009A69EC14A}.Release|Any CPU.ActiveCfg = Release|Any CPU
		{1EB65B31-2E96-445B-A683-E009A69EC14A}.Release|Any CPU.Build.0 = Release|Any CPU
		{DEEC2DEB-3F37-44AA-B45F-9CF28B15C7F5}.Debug|Any CPU.ActiveCfg = Debug|Any CPU
		{DEEC2DEB-3F37-44AA-B45F-9CF28B15C7F5}.Debug|Any CPU.Build.0 = Debug|Any CPU
		{DEEC2DEB-3F37-44AA-B45F-9CF28B15C7F5}.Release|Any CPU.ActiveCfg = Release|Any CPU
		{DEEC2DEB-3F37-44AA-B45F-9CF28B15C7F5}.Release|Any CPU.Build.0 = Release|Any CPU
		{01677759-2D28-49CB-86E7-4C038A6A6BD4}.Debug|Any CPU.ActiveCfg = Debug|Any CPU
		{01677759-2D28-49CB-86E7-4C038A6A6BD4}.Debug|Any CPU.Build.0 = Debug|Any CPU
		{01677759-2D28-49CB-86E7-4C038A6A6BD4}.Release|Any CPU.ActiveCfg = Release|Any CPU
		{01677759-2D28-49CB-86E7-4C038A6A6BD4}.Release|Any CPU.Build.0 = Release|Any CPU
		{9199F488-3903-4E0D-90B0-BCAF4E6128AA}.Debug|Any CPU.ActiveCfg = Debug|Any CPU
		{9199F488-3903-4E0D-90B0-BCAF4E6128AA}.Debug|Any CPU.Build.0 = Debug|Any CPU
		{9199F488-3903-4E0D-90B0-BCAF4E6128AA}.Release|Any CPU.ActiveCfg = Release|Any CPU
		{9199F488-3903-4E0D-90B0-BCAF4E6128AA}.Release|Any CPU.Build.0 = Release|Any CPU
		{BB8EB8D7-FA41-4C89-852C-B411CF8D28E1}.Debug|Any CPU.ActiveCfg = Debug|Any CPU
		{BB8EB8D7-FA41-4C89-852C-B411CF8D28E1}.Debug|Any CPU.Build.0 = Debug|Any CPU
		{BB8EB8D7-FA41-4C89-852C-B411CF8D28E1}.Release|Any CPU.ActiveCfg = Release|Any CPU
		{BB8EB8D7-FA41-4C89-852C-B411CF8D28E1}.Release|Any CPU.Build.0 = Release|Any CPU
		{8DCD4C98-D75C-47D5-886E-694E5F27D9CF}.Debug|Any CPU.ActiveCfg = Debug|Any CPU
		{8DCD4C98-D75C-47D5-886E-694E5F27D9CF}.Debug|Any CPU.Build.0 = Debug|Any CPU
		{8DCD4C98-D75C-47D5-886E-694E5F27D9CF}.Release|Any CPU.ActiveCfg = Release|Any CPU
		{8DCD4C98-D75C-47D5-886E-694E5F27D9CF}.Release|Any CPU.Build.0 = Release|Any CPU
		{CC6A612B-83FE-4371-B54C-99AE4A5E584A}.Debug|Any CPU.ActiveCfg = Debug|Any CPU
		{CC6A612B-83FE-4371-B54C-99AE4A5E584A}.Debug|Any CPU.Build.0 = Debug|Any CPU
		{CC6A612B-83FE-4371-B54C-99AE4A5E584A}.Release|Any CPU.ActiveCfg = Release|Any CPU
		{CC6A612B-83FE-4371-B54C-99AE4A5E584A}.Release|Any CPU.Build.0 = Release|Any CPU
		{84595AFC-0BFD-4163-8F5D-C8E627AB5771}.Debug|Any CPU.ActiveCfg = Debug|Any CPU
		{84595AFC-0BFD-4163-8F5D-C8E627AB5771}.Debug|Any CPU.Build.0 = Debug|Any CPU
		{84595AFC-0BFD-4163-8F5D-C8E627AB5771}.Release|Any CPU.ActiveCfg = Release|Any CPU
		{84595AFC-0BFD-4163-8F5D-C8E627AB5771}.Release|Any CPU.Build.0 = Release|Any CPU
		{143B48C9-B572-489F-8102-170AEEF571EB}.Debug|Any CPU.ActiveCfg = Debug|Any CPU
		{143B48C9-B572-489F-8102-170AEEF571EB}.Debug|Any CPU.Build.0 = Debug|Any CPU
		{143B48C9-B572-489F-8102-170AEEF571EB}.Release|Any CPU.ActiveCfg = Release|Any CPU
		{143B48C9-B572-489F-8102-170AEEF571EB}.Release|Any CPU.Build.0 = Release|Any CPU
		{B5B4D9BE-C31A-45B0-A7C8-E66247A9F8A7}.Debug|Any CPU.ActiveCfg = Debug|Any CPU
		{B5B4D9BE-C31A-45B0-A7C8-E66247A9F8A7}.Debug|Any CPU.Build.0 = Debug|Any CPU
		{B5B4D9BE-C31A-45B0-A7C8-E66247A9F8A7}.Release|Any CPU.ActiveCfg = Release|Any CPU
		{B5B4D9BE-C31A-45B0-A7C8-E66247A9F8A7}.Release|Any CPU.Build.0 = Release|Any CPU
		{C4731EFA-63D0-4ACD-A5ED-0BF342D3AFA8}.Debug|Any CPU.ActiveCfg = Debug|Any CPU
		{C4731EFA-63D0-4ACD-A5ED-0BF342D3AFA8}.Debug|Any CPU.Build.0 = Debug|Any CPU
		{C4731EFA-63D0-4ACD-A5ED-0BF342D3AFA8}.Release|Any CPU.ActiveCfg = Release|Any CPU
		{C4731EFA-63D0-4ACD-A5ED-0BF342D3AFA8}.Release|Any CPU.Build.0 = Release|Any CPU
		{A33C1882-23FF-4890-83C5-E51F21752957}.Debug|Any CPU.ActiveCfg = Debug|Any CPU
		{A33C1882-23FF-4890-83C5-E51F21752957}.Debug|Any CPU.Build.0 = Debug|Any CPU
		{A33C1882-23FF-4890-83C5-E51F21752957}.Release|Any CPU.ActiveCfg = Release|Any CPU
		{A33C1882-23FF-4890-83C5-E51F21752957}.Release|Any CPU.Build.0 = Release|Any CPU
	EndGlobalSection
	GlobalSection(SolutionProperties) = preSolution
		HideSolutionNode = FALSE
	EndGlobalSection
	GlobalSection(ExtensibilityGlobals) = postSolution
		SolutionGuid = {305900F9-58EC-49B0-BCB0-0E1FF161F485}
	EndGlobalSection
EndGlobal
